
Microsoft Visual Studio Solution File, Format Version 12.00
# Visual Studio 15
Project("{FAE04EC0-301F-11D3-BF4B-00C04F79EFBC}") = "Assembly-CSharp", "Assembly-CSharp.csproj", "{D11F18D4-D660-E8FF-28A3-7B26C8D12F06}"
EndProject
Project("{FAE04EC0-301F-11D3-BF4B-00C04F79EFBC}") = "Assembly-CSharp-Editor", "Assembly-CSharp-Editor.csproj", "{FE5DEF65-5A01-588D-A974-75402D74A64C}"
EndProject
Global
	GlobalSection(SolutionConfigurationPlatforms) = preSolution
		Debug|Any CPU = Debug|Any CPU
		Release|Any CPU = Release|Any CPU
	EndGlobalSection
	GlobalSection(ProjectConfigurationPlatforms) = postSolution
		{D11F18D4-D660-E8FF-28A3-7B26C8D12F06}.Debug|Any CPU.ActiveCfg = Debug|Any CPU
		{D11F18D4-D660-E8FF-28A3-7B26C8D12F06}.Debug|Any CPU.Build.0 = Debug|Any CPU
		{D11F18D4-D660-E8FF-28A3-7B26C8D12F06}.Release|Any CPU.ActiveCfg = Release|Any CPU
		{D11F18D4-D660-E8FF-28A3-7B26C8D12F06}.Release|Any CPU.Build.0 = Release|Any CPU
		{FE5DEF65-5A01-588D-A974-75402D74A64C}.Debug|Any CPU.ActiveCfg = Debug|Any CPU
		{FE5DEF65-5A01-588D-A974-75402D74A64C}.Debug|Any CPU.Build.0 = Debug|Any CPU
		{FE5DEF65-5A01-588D-A974-75402D74A64C}.Release|Any CPU.ActiveCfg = Release|Any CPU
		{FE5DEF65-5A01-588D-A974-75402D74A64C}.Release|Any CPU.Build.0 = Release|Any CPU
	EndGlobalSection
	GlobalSection(SolutionProperties) = preSolution
		HideSolutionNode = FALSE
	EndGlobalSection
EndGlobal
